
Microsoft Visual Studio Solution File, Format Version 12.00
# Visual Studio Version 17
VisualStudioVersion = 17.13.35818.85 d17.13
MinimumVisualStudioVersion = 10.0.40219.1
Project("{FAE04EC0-301F-11D3-BF4B-00C04F79EFBC}") = "Api_Autentication", "Api_Autentication\Api_Autentication.csproj", "{D5F1F6FF-C945-4355-B5D9-69A2891F3E98}"
EndProject
Global
	GlobalSection(SolutionConfigurationPlatforms) = preSolution
		Debug|Any CPU = Debug|Any CPU
		Release|Any CPU = Release|Any CPU
	EndGlobalSection
	GlobalSection(ProjectConfigurationPlatforms) = postSolution
		{D5F1F6FF-C945-4355-B5D9-69A2891F3E98}.Debug|Any CPU.ActiveCfg = Debug|Any CPU
		{D5F1F6FF-C945-4355-B5D9-69A2891F3E98}.Debug|Any CPU.Build.0 = Debug|Any CPU
		{D5F1F6FF-C945-4355-B5D9-69A2891F3E98}.Release|Any CPU.ActiveCfg = Release|Any CPU
		{D5F1F6FF-C945-4355-B5D9-69A2891F3E98}.Release|Any CPU.Build.0 = Release|Any CPU
	EndGlobalSection
	GlobalSection(SolutionProperties) = preSolution
		HideSolutionNode = FALSE
	EndGlobalSection
	GlobalSection(ExtensibilityGlobals) = postSolution
		SolutionGuid = {76E32A0A-2BA5-4A8D-8CBF-A67B09A0504A}
	EndGlobalSection
EndGlobal
